
Microsoft Visual Studio Solution File, Format Version 12.00
# Visual Studio Version 17
VisualStudioVersion = 17.14.36518.9 d17.14
MinimumVisualStudioVersion = 10.0.40219.1
Project("{FAE04EC0-301F-11D3-BF4B-00C04F79EFBC}") = "maratonaexercicios03", "maratonaexercicios03.csproj", "{6EB9312E-98C9-468B-BC92-4F55C6C23A66}"
EndProject
Global
	GlobalSection(SolutionConfigurationPlatforms) = preSolution
		Debug|Any CPU = Debug|Any CPU
		Release|Any CPU = Release|Any CPU
	EndGlobalSection
	GlobalSection(ProjectConfigurationPlatforms) = postSolution
		{6EB9312E-98C9-468B-BC92-4F55C6C23A66}.Debug|Any CPU.ActiveCfg = Debug|Any CPU
		{6EB9312E-98C9-468B-BC92-4F55C6C23A66}.Debug|Any CPU.Build.0 = Debug|Any CPU
		{6EB9312E-98C9-468B-BC92-4F55C6C23A66}.Release|Any CPU.ActiveCfg = Release|Any CPU
		{6EB9312E-98C9-468B-BC92-4F55C6C23A66}.Release|Any CPU.Build.0 = Release|Any CPU
	EndGlobalSection
	GlobalSection(SolutionProperties) = preSolution
		HideSolutionNode = FALSE
	EndGlobalSection
	GlobalSection(ExtensibilityGlobals) = postSolution
		SolutionGuid = {81CC9210-2DC7-4C0F-AE8B-C265216DA239}
	EndGlobalSection
EndGlobal
