
Microsoft Visual Studio Solution File, Format Version 12.00
# Visual Studio Version 17
VisualStudioVersion = 17.14.36518.9 d17.14
MinimumVisualStudioVersion = 10.0.40219.1
Project("{FAE04EC0-301F-11D3-BF4B-00C04F79EFBC}") = "loop", "loop.csproj", "{5034A094-F59D-4786-8AD4-7340CB760204}"
EndProject
Global
	GlobalSection(SolutionConfigurationPlatforms) = preSolution
		Debug|Any CPU = Debug|Any CPU
		Release|Any CPU = Release|Any CPU
	EndGlobalSection
	GlobalSection(ProjectConfigurationPlatforms) = postSolution
		{5034A094-F59D-4786-8AD4-7340CB760204}.Debug|Any CPU.ActiveCfg = Debug|Any CPU
		{5034A094-F59D-4786-8AD4-7340CB760204}.Debug|Any CPU.Build.0 = Debug|Any CPU
		{5034A094-F59D-4786-8AD4-7340CB760204}.Release|Any CPU.ActiveCfg = Release|Any CPU
		{5034A094-F59D-4786-8AD4-7340CB760204}.Release|Any CPU.Build.0 = Release|Any CPU
	EndGlobalSection
	GlobalSection(SolutionProperties) = preSolution
		HideSolutionNode = FALSE
	EndGlobalSection
	GlobalSection(ExtensibilityGlobals) = postSolution
		SolutionGuid = {0BE632B0-C37C-4177-AED7-2612BC4D8463}
	EndGlobalSection
EndGlobal
